// !$*UTF8*$!
{
	archiveVersion = 1;
	classes = {
	};
	objectVersion = 50;
	objects = {

/* Begin PBXBuildFile section */
		190F569526DCFE5400A83F76 /* AppDelegate.swift in Sources */ = {isa = PBXBuildFile; fileRef = 190F569426DCFE5400A83F76 /* AppDelegate.swift */; };
		190F569726DCFE5400A83F76 /* SceneDelegate.swift in Sources */ = {isa = PBXBuildFile; fileRef = 190F569626DCFE5400A83F76 /* SceneDelegate.swift */; };
		190F569926DCFE5400A83F76 /* ViewController.swift in Sources */ = {isa = PBXBuildFile; fileRef = 190F569826DCFE5400A83F76 /* ViewController.swift */; };
		190F569C26DCFE5400A83F76 /* Main.storyboard in Resources */ = {isa = PBXBuildFile; fileRef = 190F569A26DCFE5400A83F76 /* Main.storyboard */; };
		190F569E26DCFE5500A83F76 /* Assets.xcassets in Resources */ = {isa = PBXBuildFile; fileRef = 190F569D26DCFE5500A83F76 /* Assets.xcassets */; };
		190F56A126DCFE5500A83F76 /* LaunchScreen.storyboard in Resources */ = {isa = PBXBuildFile; fileRef = 190F569F26DCFE5500A83F76 /* LaunchScreen.storyboard */; };
/* End PBXBuildFile section */

/* Begin PBXFileReference section */
		190F569126DCFE5400A83F76 /* EmojiTranslater.app */ = {isa = PBXFileReference; explicitFileType = wrapper.application; includeInIndex = 0; path = EmojiTranslater.app; sourceTree = BUILT_PRODUCTS_DIR; };
		190F569426DCFE5400A83F76 /* AppDelegate.swift */ = {isa = PBXFileReference; lastKnownFileType = sourcecode.swift; path = AppDelegate.swift; sourceTree = "<group>"; };
		190F569626DCFE5400A83F76 /* SceneDelegate.swift */ = {isa = PBXFileReference; lastKnownFileType = sourcecode.swift; path = SceneDelegate.swift; sourceTree = "<group>"; };
		190F569826DCFE5400A83F76 /* ViewController.swift */ = {isa = PBXFileReference; lastKnownFileType = sourcecode.swift; path = ViewController.swift; sourceTree = "<group>"; };
		190F569B26DCFE5400A83F76 /* Base */ = {isa = PBXFileReference; lastKnownFileType = file.storyboard; name = Base; path = Base.lproj/Main.storyboard; sourceTree = "<group>"; };
		190F569D26DCFE5500A83F76 /* Assets.xcassets */ = {isa = PBXFileReference; lastKnownFileType = folder.assetcatalog; path = Assets.xcassets; sourceTree = "<group>"; };
		190F56A026DCFE5500A83F76 /* Base */ = {isa = PBXFileReference; lastKnownFileType = file.storyboard; name = Base; path = Base.lproj/LaunchScreen.storyboard; sourceTree = "<group>"; };
		190F56A226DCFE5500A83F76 /* Info.plist */ = {isa = PBXFileReference; lastKnownFileType = text.plist.xml; path = Info.plist; sourceTree = "<group>"; };
/* End PBXFileReference section */

/* Begin PBXFrameworksBuildPhase section */
		190F568E26DCFE5400A83F76 /* Frameworks */ = {
			isa = PBXFrameworksBuildPhase;
			buildActionMask = 2147483647;
			files = (
			);
			runOnlyForDeploymentPostprocessing = 0;
		};
/* End PBXFrameworksBuildPhase section */

/* Begin PBXGroup section */
		190F568826DCFE5400A83F76 = {
			isa = PBXGroup;
			children = (
				190F569326DCFE5400A83F76 /* EmojiTranslater */,
				190F569226DCFE5400A83F76 /* Products */,
			);
			sourceTree = "<group>";
		};
		190F569226DCFE5400A83F76 /* Products */ = {
			isa = PBXGroup;
			children = (
				190F569126DCFE5400A83F76 /* EmojiTranslater.app */,
			);
			name = Products;
			sourceTree = "<group>";
		};
		190F569326DCFE5400A83F76 /* EmojiTranslater */ = {
			isa = PBXGroup;
			children = (
				190F569426DCFE5400A83F76 /* AppDelegate.swift */,
				190F569626DCFE5400A83F76 /* SceneDelegate.swift */,
				190F569826DCFE5400A83F76 /* ViewController.swift */,
				190F569A26DCFE5400A83F76 /* Main.storyboard */,
				190F569D26DCFE5500A83F76 /* Assets.xcassets */,
				190F569F26DCFE5500A83F76 /* LaunchScreen.storyboard */,
				190F56A226DCFE5500A83F76 /* Info.plist */,
			);
			path = EmojiTranslater;
			sourceTree = "<group>";
		};
/* End PBXGroup section */

/* Begin PBXNativeTarget section */
		190F569026DCFE5400A83F76 /* EmojiTranslater */ = {
			isa = PBXNativeTarget;
			buildConfigurationList = 190F56A526DCFE5500A83F76 /* Build configuration list for PBXNativeTarget "EmojiTranslater" */;
			buildPhases = (
				190F568D26DCFE5400A83F76 /* Sources */,
				190F568E26DCFE5400A83F76 /* Frameworks */,
				190F568F26DCFE5400A83F76 /* Resources */,
			);
			buildRules = (
			);
			dependencies = (
			);
			name = EmojiTranslater;
			productName = EmojiTranslater;
			productReference = 190F569126DCFE5400A83F76 /* EmojiTranslater.app */;
			productType = "com.apple.product-type.application";
		};
/* End PBXNativeTarget section */

/* Begin PBXProject section */
		190F568926DCFE5400A83F76 /* Project object */ = {
			isa = PBXProject;
			attributes = {
				LastSwiftUpdateCheck = 1250;
				LastUpgradeCheck = 1250;
				TargetAttributes = {
					190F569026DCFE5400A83F76 = {
						CreatedOnToolsVersion = 12.5.1;
					};
				};
			};
			buildConfigurationList = 190F568C26DCFE5400A83F76 /* Build configuration list for PBXProject "EmojiTranslater" */;
			compatibilityVersion = "Xcode 9.3";
			developmentRegion = en;
			hasScannedForEncodings = 0;
			knownRegions = (
				en,
				Base,
			);
			mainGroup = 190F568826DCFE5400A83F76;
			productRefGroup = 190F569226DCFE5400A83F76 /* Products */;
			projectDirPath = "";
			projectRoot = "";
			targets = (
				190F569026DCFE5400A83F76 /* EmojiTranslater */,
			);
		};
/* End PBXProject section */

/* Begin PBXResourcesBuildPhase section */
		190F568F26DCFE5400A83F76 /* Resources */ = {
			isa = PBXResourcesBuildPhase;
			buildActionMask = 2147483647;
			files = (
				190F56A126DCFE5500A83F76 /* LaunchScreen.storyboard in Resources */,
				190F569E26DCFE5500A83F76 /* Assets.xcassets in Resources */,
				190F569C26DCFE5400A83F76 /* Main.storyboard in Resources */,
			);
			runOnlyForDeploymentPostprocessing = 0;
		};
/* End PBXResourcesBuildPhase section */

/* Begin PBXSourcesBuildPhase section */
		190F568D26DCFE5400A83F76 /* Sources */ = {
			isa = PBXSourcesBuildPhase;
			buildActionMask = 2147483647;
			files = (
				190F569926DCFE5400A83F76 /* ViewController.swift in Sources */,
				190F569526DCFE5400A83F76 /* AppDelegate.swift in Sources */,
				190F569726DCFE5400A83F76 /* SceneDelegate.swift in Sources */,
			);
			runOnlyForDeploymentPostprocessing = 0;
		};
/* End PBXSourcesBuildPhase section */

/* Begin PBXVariantGroup section */
		190F569A26DCFE5400A83F76 /* Main.storyboard */ = {
			isa = PBXVariantGroup;
			children = (
				190F569B26DCFE5400A83F76 /* Base */,
			);
			name = Main.storyboard;
			sourceTree = "<group>";
		};
		190F569F26DCFE5500A83F76 /* LaunchScreen.storyboard */ = {
			isa = PBXVariantGroup;
			children = (
				190F56A026DCFE5500A83F76 /* Base */,
			);
			name = LaunchScreen.storyboard;
			sourceTree = "<group>";
		};
/* End PBXVariantGroup section */

/* Begin XCBuildConfiguration section */
		190F56A326DCFE5500A83F76 /* Debug */ = {
			isa = XCBuildConfiguration;
			buildSettings = {
				ALWAYS_SEARCH_USER_PATHS = NO;
				CLANG_ANALYZER_NONNULL = YES;
				CLANG_ANALYZER_NUMBER_OBJECT_CONVERSION = YES_AGGRESSIVE;
				CLANG_CXX_LANGUAGE_STANDARD = "gnu++14";
				CLANG_CXX_LIBRARY = "libc++";
				CLANG_ENABLE_MODULES = YES;
				CLANG_ENABLE_OBJC_ARC = YES;
				CLANG_ENABLE_OBJC_WEAK = YES;
				CLANG_WARN_BLOCK_CAPTURE_AUTORELEASING = YES;
				CLANG_WARN_BOOL_CONVERSION = YES;
				CLANG_WARN_COMMA = YES;
				CLANG_WARN_CONSTANT_CONVERSION = YES;
				CLANG_WARN_DEPRECATED_OBJC_IMPLEMENTATIONS = YES;
				CLANG_WARN_DIRECT_OBJC_ISA_USAGE = YES_ERROR;
				CLANG_WARN_DOCUMENTATION_COMMENTS = YES;
				CLANG_WARN_EMPTY_BODY = YES;
				CLANG_WARN_ENUM_CONVERSION = YES;
				CLANG_WARN_INFINITE_RECURSION = YES;
				CLANG_WARN_INT_CONVERSION = YES;
				CLANG_WARN_NON_LITERAL_NULL_CONVERSION = YES;
				CLANG_WARN_OBJC_IMPLICIT_RETAIN_SELF = YES;
				CLANG_WARN_OBJC_LITERAL_CONVERSION = YES;
				CLANG_WARN_OBJC_ROOT_CLASS = YES_ERROR;
				CLANG_WARN_QUOTED_INCLUDE_IN_FRAMEWORK_HEADER = YES;
				CLANG_WARN_RANGE_LOOP_ANALYSIS = YES;
				CLANG_WARN_STRICT_PROTOTYPES = YES;
				CLANG_WARN_SUSPICIOUS_MOVE = YES;
				CLANG_WARN_UNGUARDED_AVAILABILITY = YES_AGGRESSIVE;
				CLANG_WARN_UNREACHABLE_CODE = YES;
				CLANG_WARN__DUPLICATE_METHOD_MATCH = YES;
				COPY_PHASE_STRIP = NO;
				DEBUG_INFORMATION_FORMAT = dwarf;
				ENABLE_STRICT_OBJC_MSGSEND = YES;
				ENABLE_TESTABILITY = YES;
				GCC_C_LANGUAGE_STANDARD = gnu11;
				GCC_DYNAMIC_NO_PIC = NO;
				GCC_NO_COMMON_BLOCKS = YES;
				GCC_OPTIMIZATION_LEVEL = 0;
				GCC_PREPROCESSOR_DEFINITIONS = (
					"DEBUG=1",
					"$(inherited)",
				);
				GCC_WARN_64_TO_32_BIT_CONVERSION = YES;
				GCC_WARN_ABOUT_RETURN_TYPE = YES_ERROR;
				GCC_WARN_UNDECLARED_SELECTOR = YES;
				GCC_WARN_UNINITIALIZED_AUTOS = YES_AGGRESSIVE;
				GCC_WARN_UNUSED_FUNCTION = YES;
				GCC_WARN_UNUSED_VARIABLE = YES;
				IPHONEOS_DEPLOYMENT_TARGET = 14.5;
				MTL_ENABLE_DEBUG_INFO = INCLUDE_SOURCE;
				MTL_FAST_MATH = YES;
				ONLY_ACTIVE_ARCH = YES;
				SDKROOT = iphoneos;
				SWIFT_ACTIVE_COMPILATION_CONDITIONS = DEBUG;
				SWIFT_OPTIMIZATION_LEVEL = "-Onone";
			};
			name = Debug;
		};
		190F56A426DCFE5500A83F76 /* Release */ = {
			isa = XCBuildConfiguration;
			buildSettings = {
				ALWAYS_SEARCH_USER_PATHS = NO;
				CLANG_ANALYZER_NONNULL = YES;
				CLANG_ANALYZER_NUMBER_OBJECT_CONVERSION = YES_AGGRESSIVE;
				CLANG_CXX_LANGUAGE_STANDARD = "gnu++14";
				CLANG_CXX_LIBRARY = "libc++";
				CLANG_ENABLE_MODULES = YES;
				CLANG_ENABLE_OBJC_ARC = YES;
				CLANG_ENABLE_OBJC_WEAK = YES;
				CLANG_WARN_BLOCK_CAPTURE_AUTORELEASING = YES;
				CLANG_WARN_BOOL_CONVERSION = YES;
				CLANG_WARN_COMMA = YES;
				CLANG_WARN_CONSTANT_CONVERSION = YES;
				CLANG_WARN_DEPRECATED_OBJC_IMPLEMENTATIONS = YES;
				CLANG_WARN_DIRECT_OBJC_ISA_USAGE = YES_ERROR;
				CLANG_WARN_DOCUMENTATION_COMMENTS = YES;
				CLANG_WARN_EMPTY_BODY = YES;
				CLANG_WARN_ENUM_CONVERSION = YES;
				CLANG_WARN_INFINITE_RECURSION = YES;
				CLANG_WARN_INT_CONVERSION = YES;
				CLANG_WARN_NON_LITERAL_NULL_CONVERSION = YES;
				CLANG_WARN_OBJC_IMPLICIT_RETAIN_SELF = YES;
				CLANG_WARN_OBJC_LITERAL_CONVERSION = YES;
				CLANG_WARN_OBJC_ROOT_CLASS = YES_ERROR;
				CLANG_WARN_QUOTED_INCLUDE_IN_FRAMEWORK_HEADER = YES;
				CLANG_WARN_RANGE_LOOP_ANALYSIS = YES;
				CLANG_WARN_STRICT_PROTOTYPES = YES;
				CLANG_WARN_SUSPICIOUS_MOVE = YES;
				CLANG_WARN_UNGUARDED_AVAILABILITY = YES_AGGRESSIVE;
				CLANG_WARN_UNREACHABLE_CODE = YES;
				CLANG_WARN__DUPLICATE_METHOD_MATCH = YES;
				COPY_PHASE_STRIP = NO;
				DEBUG_INFORMATION_FORMAT = "dwarf-with-dsym";
				ENABLE_NS_ASSERTIONS = NO;
				ENABLE_STRICT_OBJC_MSGSEND = YES;
				GCC_C_LANGUAGE_STANDARD = gnu11;
				GCC_NO_COMMON_BLOCKS = YES;
				GCC_WARN_64_TO_32_BIT_CONVERSION = YES;
				GCC_WARN_ABOUT_RETURN_TYPE = YES_ERROR;
				GCC_WARN_UNDECLARED_SELECTOR = YES;
				GCC_WARN_UNINITIALIZED_AUTOS = YES_AGGRESSIVE;
				GCC_WARN_UNUSED_FUNCTION = YES;
				GCC_WARN_UNUSED_VARIABLE = YES;
				IPHONEOS_DEPLOYMENT_TARGET = 14.5;
				MTL_ENABLE_DEBUG_INFO = NO;
				MTL_FAST_MATH = YES;
				SDKROOT = iphoneos;
				SWIFT_COMPILATION_MODE = wholemodule;
				SWIFT_OPTIMIZATION_LEVEL = "-O";
				VALIDATE_PRODUCT = YES;
			};
			name = Release;
		};
		190F56A626DCFE5500A83F76 /* Debug */ = {
			isa = XCBuildConfiguration;
			buildSettings = {
				ASSETCATALOG_COMPILER_APPICON_NAME = AppIcon;
				ASSETCATALOG_COMPILER_GLOBAL_ACCENT_COLOR_NAME = AccentColor;
				CODE_SIGN_STYLE = Automatic;
				DEVELOPMENT_TEAM = 8YBV46KYC9;
				INFOPLIST_FILE = EmojiTranslater/Info.plist;
				LD_RUNPATH_SEARCH_PATHS = (
					"$(inherited)",
					"@executable_path/Frameworks",
				);
				PRODUCT_BUNDLE_IDENTIFIER = "Anton-Bobryshev.EmojiTranslater";
				PRODUCT_NAME = "$(TARGET_NAME)";
				SWIFT_VERSION = 5.0;
				TARGETED_DEVICE_FAMILY = "1,2";
			};
			name = Debug;
		};
		190F56A726DCFE5500A83F76 /* Release */ = {
			isa = XCBuildConfiguration;
			buildSettings = {
				ASSETCATALOG_COMPILER_APPICON_NAME = AppIcon;
				ASSETCATALOG_COMPILER_GLOBAL_ACCENT_COLOR_NAME = AccentColor;
				CODE_SIGN_STYLE = Automatic;
				DEVELOPMENT_TEAM = 8YBV46KYC9;
				INFOPLIST_FILE = EmojiTranslater/Info.plist;
				LD_RUNPATH_SEARCH_PATHS = (
					"$(inherited)",
					"@executable_path/Frameworks",
				);
				PRODUCT_BUNDLE_IDENTIFIER = "Anton-Bobryshev.EmojiTranslater";
				PRODUCT_NAME = "$(TARGET_NAME)";
				SWIFT_VERSION = 5.0;
				TARGETED_DEVICE_FAMILY = "1,2";
			};
			name = Release;
		};
/* End XCBuildConfiguration section */

/* Begin XCConfigurationList section */
		190F568C26DCFE5400A83F76 /* Build configuration list for PBXProject "EmojiTranslater" */ = {
			isa = XCConfigurationList;
			buildConfigurations = (
				190F56A326DCFE5500A83F76 /* Debug */,
				190F56A426DCFE5500A83F76 /* Release */,
			);
			defaultConfigurationIsVisible = 0;
			defaultConfigurationName = Release;
		};
		190F56A526DCFE5500A83F76 /* Build configuration list for PBXNativeTarget "EmojiTranslater" */ = {
			isa = XCConfigurationList;
			buildConfigurations = (
				190F56A626DCFE5500A83F76 /* Debug */,
				190F56A726DCFE5500A83F76 /* Release */,
			);
			defaultConfigurationIsVisible = 0;
			defaultConfigurationName = Release;
		};
/* End XCConfigurationList section */
	};
	rootObject = 190F568926DCFE5400A83F76 /* Project object */;
}
